
Microsoft Visual Studio Solution File, Format Version 12.00
# Visual Studio Version 17
VisualStudioVersion = 17.0.31903.59
MinimumVisualStudioVersion = 10.0.40219.1
Project("{FAE04EC0-301F-11D3-BF4B-00C04F79EFBC}") = "CQRS.Core", "CQRS.Core\CQRS.Core.csproj", "{26B96A8B-28D5-463C-BE5F-61072ADD57B1}"
EndProject
Project("{2150E333-8FDC-42A3-9474-1A3956D46DE8}") = "Social.Command", "Social.Command", "{DD8EDF8D-BFFE-42EA-9629-6C434D95F292}"
EndProject
Project("{FAE04EC0-301F-11D3-BF4B-00C04F79EFBC}") = "Social.Command.Api", "Social.Command\Social.Command.Api\Social.Command.Api.csproj", "{43D13DD6-5045-457C-A259-20CC33C0FBA4}"
EndProject
Project("{FAE04EC0-301F-11D3-BF4B-00C04F79EFBC}") = "Social.Command.Domain", "Social.Command\Social.Command.Domain\Social.Command.Domain.csproj", "{023778ED-6496-4460-9C87-0C3184A89241}"
EndProject
Project("{FAE04EC0-301F-11D3-BF4B-00C04F79EFBC}") = "Social.Command.Infra", "Social.Command\Social.Command.Infra\Social.Command.Infra.csproj", "{899FDD05-27FE-44FB-B5BD-9F03E6302D02}"
EndProject
Project("{2150E333-8FDC-42A3-9474-1A3956D46DE8}") = "Social.Query", "Social.Query", "{87BCEB62-7062-4647-B721-77BEFF11EDE9}"
EndProject
Project("{FAE04EC0-301F-11D3-BF4B-00C04F79EFBC}") = "Social.Query.Domain", "Social.Query\Social.Query.Domain\Social.Query.Domain.csproj", "{B9FCC70A-00DC-4699-AB7B-1EB2ECDDDCAB}"
EndProject
Project("{FAE04EC0-301F-11D3-BF4B-00C04F79EFBC}") = "Social.Query.Infra", "Social.Query\Social.Query.Infra\Social.Query.Infra.csproj", "{E92DF7AD-70D6-4D83-A343-F46EA4CA3CBC}"
EndProject
Project("{FAE04EC0-301F-11D3-BF4B-00C04F79EFBC}") = "Social.Query.Api", "Social.Query\Social.Query.Api\Social.Query.Api.csproj", "{ACA3DA6C-4350-450A-8DFB-6D9645DFE9C8}"
EndProject
Global
	GlobalSection(SolutionConfigurationPlatforms) = preSolution
		Debug|Any CPU = Debug|Any CPU
		Release|Any CPU = Release|Any CPU
	EndGlobalSection
	GlobalSection(SolutionProperties) = preSolution
		HideSolutionNode = FALSE
	EndGlobalSection
	GlobalSection(ProjectConfigurationPlatforms) = postSolution
		{26B96A8B-28D5-463C-BE5F-61072ADD57B1}.Debug|Any CPU.ActiveCfg = Debug|Any CPU
		{26B96A8B-28D5-463C-BE5F-61072ADD57B1}.Debug|Any CPU.Build.0 = Debug|Any CPU
		{26B96A8B-28D5-463C-BE5F-61072ADD57B1}.Release|Any CPU.ActiveCfg = Release|Any CPU
		{26B96A8B-28D5-463C-BE5F-61072ADD57B1}.Release|Any CPU.Build.0 = Release|Any CPU
		{43D13DD6-5045-457C-A259-20CC33C0FBA4}.Debug|Any CPU.ActiveCfg = Debug|Any CPU
		{43D13DD6-5045-457C-A259-20CC33C0FBA4}.Debug|Any CPU.Build.0 = Debug|Any CPU
		{43D13DD6-5045-457C-A259-20CC33C0FBA4}.Release|Any CPU.ActiveCfg = Release|Any CPU
		{43D13DD6-5045-457C-A259-20CC33C0FBA4}.Release|Any CPU.Build.0 = Release|Any CPU
		{023778ED-6496-4460-9C87-0C3184A89241}.Debug|Any CPU.ActiveCfg = Debug|Any CPU
		{023778ED-6496-4460-9C87-0C3184A89241}.Debug|Any CPU.Build.0 = Debug|Any CPU
		{023778ED-6496-4460-9C87-0C3184A89241}.Release|Any CPU.ActiveCfg = Release|Any CPU
		{023778ED-6496-4460-9C87-0C3184A89241}.Release|Any CPU.Build.0 = Release|Any CPU
		{899FDD05-27FE-44FB-B5BD-9F03E6302D02}.Debug|Any CPU.ActiveCfg = Debug|Any CPU
		{899FDD05-27FE-44FB-B5BD-9F03E6302D02}.Debug|Any CPU.Build.0 = Debug|Any CPU
		{899FDD05-27FE-44FB-B5BD-9F03E6302D02}.Release|Any CPU.ActiveCfg = Release|Any CPU
		{899FDD05-27FE-44FB-B5BD-9F03E6302D02}.Release|Any CPU.Build.0 = Release|Any CPU
		{B9FCC70A-00DC-4699-AB7B-1EB2ECDDDCAB}.Debug|Any CPU.ActiveCfg = Debug|Any CPU
		{B9FCC70A-00DC-4699-AB7B-1EB2ECDDDCAB}.Debug|Any CPU.Build.0 = Debug|Any CPU
		{B9FCC70A-00DC-4699-AB7B-1EB2ECDDDCAB}.Release|Any CPU.ActiveCfg = Release|Any CPU
		{B9FCC70A-00DC-4699-AB7B-1EB2ECDDDCAB}.Release|Any CPU.Build.0 = Release|Any CPU
		{E92DF7AD-70D6-4D83-A343-F46EA4CA3CBC}.Debug|Any CPU.ActiveCfg = Debug|Any CPU
		{E92DF7AD-70D6-4D83-A343-F46EA4CA3CBC}.Debug|Any CPU.Build.0 = Debug|Any CPU
		{E92DF7AD-70D6-4D83-A343-F46EA4CA3CBC}.Release|Any CPU.ActiveCfg = Release|Any CPU
		{E92DF7AD-70D6-4D83-A343-F46EA4CA3CBC}.Release|Any CPU.Build.0 = Release|Any CPU
		{ACA3DA6C-4350-450A-8DFB-6D9645DFE9C8}.Debug|Any CPU.ActiveCfg = Debug|Any CPU
		{ACA3DA6C-4350-450A-8DFB-6D9645DFE9C8}.Debug|Any CPU.Build.0 = Debug|Any CPU
		{ACA3DA6C-4350-450A-8DFB-6D9645DFE9C8}.Release|Any CPU.ActiveCfg = Release|Any CPU
		{ACA3DA6C-4350-450A-8DFB-6D9645DFE9C8}.Release|Any CPU.Build.0 = Release|Any CPU
	EndGlobalSection
	GlobalSection(NestedProjects) = preSolution
		{43D13DD6-5045-457C-A259-20CC33C0FBA4} = {DD8EDF8D-BFFE-42EA-9629-6C434D95F292}
		{023778ED-6496-4460-9C87-0C3184A89241} = {DD8EDF8D-BFFE-42EA-9629-6C434D95F292}
		{899FDD05-27FE-44FB-B5BD-9F03E6302D02} = {DD8EDF8D-BFFE-42EA-9629-6C434D95F292}
		{B9FCC70A-00DC-4699-AB7B-1EB2ECDDDCAB} = {87BCEB62-7062-4647-B721-77BEFF11EDE9}
		{E92DF7AD-70D6-4D83-A343-F46EA4CA3CBC} = {87BCEB62-7062-4647-B721-77BEFF11EDE9}
		{ACA3DA6C-4350-450A-8DFB-6D9645DFE9C8} = {87BCEB62-7062-4647-B721-77BEFF11EDE9}
	EndGlobalSection
EndGlobal
